// !$*UTF8*$!
{
	archiveVersion = 1;
	classes = {
	};
	objectVersion = 46;
	objects = {

/* Begin PBXBuildFile section */
		AA5C2FB9182E315C00E58FF8 /* Foundation.framework in Frameworks */ = {isa = PBXBuildFile; fileRef = AA5C2FB8182E315C00E58FF8 /* Foundation.framework */; };
		AA5C2FBB182E315C00E58FF8 /* CoreGraphics.framework in Frameworks */ = {isa = PBXBuildFile; fileRef = AA5C2FBA182E315C00E58FF8 /* CoreGraphics.framework */; };
		AA5C2FBD182E315C00E58FF8 /* UIKit.framework in Frameworks */ = {isa = PBXBuildFile; fileRef = AA5C2FBC182E315C00E58FF8 /* UIKit.framework */; };
		AA5C2FC3182E315C00E58FF8 /* InfoPlist.strings in Resources */ = {isa = PBXBuildFile; fileRef = AA5C2FC1182E315C00E58FF8 /* InfoPlist.strings */; };
		AA5C2FC5182E315C00E58FF8 /* main.m in Sources */ = {isa = PBXBuildFile; fileRef = AA5C2FC4182E315C00E58FF8 /* main.m */; };
		AA5C2FC9182E315C00E58FF8 /* CLAAppDelegate.m in Sources */ = {isa = PBXBuildFile; fileRef = AA5C2FC8182E315C00E58FF8 /* CLAAppDelegate.m */; };
		AA5C2FCB182E315C00E58FF8 /* Images.xcassets in Resources */ = {isa = PBXBuildFile; fileRef = AA5C2FCA182E315C00E58FF8 /* Images.xcassets */; };
		AA5C2FD2182E315C00E58FF8 /* XCTest.framework in Frameworks */ = {isa = PBXBuildFile; fileRef = AA5C2FD1182E315C00E58FF8 /* XCTest.framework */; };
		AA5C2FD3182E315C00E58FF8 /* Foundation.framework in Frameworks */ = {isa = PBXBuildFile; fileRef = AA5C2FB8182E315C00E58FF8 /* Foundation.framework */; };
		AA5C2FD4182E315C00E58FF8 /* UIKit.framework in Frameworks */ = {isa = PBXBuildFile; fileRef = AA5C2FBC182E315C00E58FF8 /* UIKit.framework */; };
		AA5C2FDC182E315C00E58FF8 /* InfoPlist.strings in Resources */ = {isa = PBXBuildFile; fileRef = AA5C2FDA182E315C00E58FF8 /* InfoPlist.strings */; };
		AA5C2FDE182E315C00E58FF8 /* SRNLTests.m in Sources */ = {isa = PBXBuildFile; fileRef = AA5C2FDD182E315C00E58FF8 /* SRNLTests.m */; };
		AA5C2FEE182E33FB00E58FF8 /* CLAPlaceStore.m in Sources */ = {isa = PBXBuildFile; fileRef = AA5C2FED182E33FB00E58FF8 /* CLAPlaceStore.m */; };
		AA5C2FEF182E33FB00E58FF8 /* CLAPlaceStore.m in Sources */ = {isa = PBXBuildFile; fileRef = AA5C2FED182E33FB00E58FF8 /* CLAPlaceStore.m */; };
		AA5C2FF5182E396300E58FF8 /* CLAPlacesTableViewController.m in Sources */ = {isa = PBXBuildFile; fileRef = AA5C2FF4182E396300E58FF8 /* CLAPlacesTableViewController.m */; };
		AA5C2FF6182E396300E58FF8 /* CLAPlacesTableViewController.m in Sources */ = {isa = PBXBuildFile; fileRef = AA5C2FF4182E396300E58FF8 /* CLAPlacesTableViewController.m */; };
		AA5C2FF9182E44C700E58FF8 /* MainStoryboard.storyboard in Resources */ = {isa = PBXBuildFile; fileRef = AA5C2FF8182E44C700E58FF8 /* MainStoryboard.storyboard */; };
		AA5C2FFA182E44C700E58FF8 /* MainStoryboard.storyboard in Resources */ = {isa = PBXBuildFile; fileRef = AA5C2FF8182E44C700E58FF8 /* MainStoryboard.storyboard */; };
		AA5C307B182E499D00E58FF8 /* bigmenubck.png in Resources */ = {isa = PBXBuildFile; fileRef = AA5C307A182E499D00E58FF8 /* bigmenubck.png */; };
		AA5C307C182E499D00E58FF8 /* bigmenubck.png in Resources */ = {isa = PBXBuildFile; fileRef = AA5C307A182E499D00E58FF8 /* bigmenubck.png */; };
		AA5C307F182E545700E58FF8 /* background-nologo.png in Resources */ = {isa = PBXBuildFile; fileRef = AA5C307D182E545700E58FF8 /* background-nologo.png */; };
		AA5C3080182E545700E58FF8 /* background-nologo.png in Resources */ = {isa = PBXBuildFile; fileRef = AA5C307D182E545700E58FF8 /* background-nologo.png */; };
		AA5C3081182E545700E58FF8 /* background-nologo@2x.png in Resources */ = {isa = PBXBuildFile; fileRef = AA5C307E182E545700E58FF8 /* background-nologo@2x.png */; };
		AA5C3082182E545700E58FF8 /* background-nologo@2x.png in Resources */ = {isa = PBXBuildFile; fileRef = AA5C307E182E545700E58FF8 /* background-nologo@2x.png */; };
		AA5C3085182E57AE00E58FF8 /* CLAMainTableViewCell.m in Sources */ = {isa = PBXBuildFile; fileRef = AA5C3084182E57AE00E58FF8 /* CLAMainTableViewCell.m */; };
		AA5C3086182E57AE00E58FF8 /* CLAMainTableViewCell.m in Sources */ = {isa = PBXBuildFile; fileRef = AA5C3084182E57AE00E58FF8 /* CLAMainTableViewCell.m */; };
		AA5C3089182E609E00E58FF8 /* test.jpg in Resources */ = {isa = PBXBuildFile; fileRef = AA5C3088182E609E00E58FF8 /* test.jpg */; };
		AA5C308A182E609E00E58FF8 /* test.jpg in Resources */ = {isa = PBXBuildFile; fileRef = AA5C3088182E609E00E58FF8 /* test.jpg */; };
		AAC8FB64182E758900A94C5B /* tab_pin.png in Resources */ = {isa = PBXBuildFile; fileRef = AAC8FB63182E758900A94C5B /* tab_pin.png */; };
		AAC8FB65182E758900A94C5B /* tab_pin.png in Resources */ = {isa = PBXBuildFile; fileRef = AAC8FB63182E758900A94C5B /* tab_pin.png */; };
		AAC8FB68182E762000A94C5B /* CLAMapViewController.m in Sources */ = {isa = PBXBuildFile; fileRef = AAC8FB67182E762000A94C5B /* CLAMapViewController.m */; };
		AAC8FB69182E762000A94C5B /* CLAMapViewController.m in Sources */ = {isa = PBXBuildFile; fileRef = AAC8FB67182E762000A94C5B /* CLAMapViewController.m */; };
		AAC8FB6B182E898100A94C5B /* MapKit.framework in Frameworks */ = {isa = PBXBuildFile; fileRef = AAC8FB6A182E898100A94C5B /* MapKit.framework */; };
		AAC8FB6D182E9C6900A94C5B /* DefaultMapZone in Resources */ = {isa = PBXBuildFile; fileRef = AAC8FB6C182E9C6900A94C5B /* DefaultMapZone */; };
		AAC8FB6E182E9C6900A94C5B /* DefaultMapZone in Resources */ = {isa = PBXBuildFile; fileRef = AAC8FB6C182E9C6900A94C5B /* DefaultMapZone */; };
		AAC8FB70182E9E6F00A94C5B /* CoreLocation.framework in Frameworks */ = {isa = PBXBuildFile; fileRef = AAC8FB6F182E9E6F00A94C5B /* CoreLocation.framework */; };
		AAC8FB72182EAC3D00A94C5B /* pub.png in Resources */ = {isa = PBXBuildFile; fileRef = AAC8FB71182EAC3D00A94C5B /* pub.png */; };
		AAC8FB73182EAC3D00A94C5B /* pub.png in Resources */ = {isa = PBXBuildFile; fileRef = AAC8FB71182EAC3D00A94C5B /* pub.png */; };
		AAD47041182FB46B008F785E /* iconmap.png in Resources */ = {isa = PBXBuildFile; fileRef = AAD4703F182FB46B008F785E /* iconmap.png */; };
		AAD47042182FB46B008F785E /* iconmap@2x.png in Resources */ = {isa = PBXBuildFile; fileRef = AAD47040182FB46B008F785E /* iconmap@2x.png */; };
		AAD47045182FB492008F785E /* listicon.png in Resources */ = {isa = PBXBuildFile; fileRef = AAD47043182FB492008F785E /* listicon.png */; };
		AAD47046182FB492008F785E /* listicon.png in Resources */ = {isa = PBXBuildFile; fileRef = AAD47043182FB492008F785E /* listicon.png */; };
		AAD47047182FB492008F785E /* listicon@2x.png in Resources */ = {isa = PBXBuildFile; fileRef = AAD47044182FB492008F785E /* listicon@2x.png */; };
		AAD47048182FB492008F785E /* listicon@2x.png in Resources */ = {isa = PBXBuildFile; fileRef = AAD47044182FB492008F785E /* listicon@2x.png */; };
		AADAAE71182EC1D600641ECD /* Model.xcdatamodeld in Sources */ = {isa = PBXBuildFile; fileRef = AADAAE6F182EC1D600641ECD /* Model.xcdatamodeld */; };
		AADAAE72182EC1D600641ECD /* Model.xcdatamodeld in Sources */ = {isa = PBXBuildFile; fileRef = AADAAE6F182EC1D600641ECD /* Model.xcdatamodeld */; };
		AADAAE75182EC3CB00641ECD /* CLAPlace.m in Sources */ = {isa = PBXBuildFile; fileRef = AADAAE74182EC3CB00641ECD /* CLAPlace.m */; };
		AADAAE76182EC3CB00641ECD /* CLAPlace.m in Sources */ = {isa = PBXBuildFile; fileRef = AADAAE74182EC3CB00641ECD /* CLAPlace.m */; };
		AADAAE78182EC4B700641ECD /* CoreData.framework in Frameworks */ = {isa = PBXBuildFile; fileRef = AADAAE77182EC4B700641ECD /* CoreData.framework */; };
		AADAAE7B182F7D4900641ECD /* CLADetailViewController.m in Sources */ = {isa = PBXBuildFile; fileRef = AADAAE7A182F7D4900641ECD /* CLADetailViewController.m */; };
		AADAAE7C182F7D4900641ECD /* CLADetailViewController.m in Sources */ = {isa = PBXBuildFile; fileRef = AADAAE7A182F7D4900641ECD /* CLADetailViewController.m */; };
		AADAAE81182F859000641ECD /* phone-ko.png in Resources */ = {isa = PBXBuildFile; fileRef = AADAAE7D182F859000641ECD /* phone-ko.png */; };
		AADAAE82182F859000641ECD /* phone-ko.png in Resources */ = {isa = PBXBuildFile; fileRef = AADAAE7D182F859000641ECD /* phone-ko.png */; };
		AADAAE83182F859000641ECD /* phone-ko@2x.png in Resources */ = {isa = PBXBuildFile; fileRef = AADAAE7E182F859000641ECD /* phone-ko@2x.png */; };
		AADAAE84182F859000641ECD /* phone-ko@2x.png in Resources */ = {isa = PBXBuildFile; fileRef = AADAAE7E182F859000641ECD /* phone-ko@2x.png */; };
		AADAAE85182F859000641ECD /* phone.png in Resources */ = {isa = PBXBuildFile; fileRef = AADAAE7F182F859000641ECD /* phone.png */; };
		AADAAE86182F859000641ECD /* phone.png in Resources */ = {isa = PBXBuildFile; fileRef = AADAAE7F182F859000641ECD /* phone.png */; };
		AADAAE87182F859000641ECD /* phone@2x.png in Resources */ = {isa = PBXBuildFile; fileRef = AADAAE80182F859000641ECD /* phone@2x.png */; };
		AADAAE88182F859000641ECD /* phone@2x.png in Resources */ = {isa = PBXBuildFile; fileRef = AADAAE80182F859000641ECD /* phone@2x.png */; };
		AADAAE9D182F85D400641ECD /* 1.jpg in Resources */ = {isa = PBXBuildFile; fileRef = AADAAE89182F85D400641ECD /* 1.jpg */; };
		AADAAE9E182F85D400641ECD /* 1.jpg in Resources */ = {isa = PBXBuildFile; fileRef = AADAAE89182F85D400641ECD /* 1.jpg */; };
		AADAAE9F182F85D400641ECD /* 2.jpg in Resources */ = {isa = PBXBuildFile; fileRef = AADAAE8A182F85D400641ECD /* 2.jpg */; };
		AADAAEA0182F85D400641ECD /* 2.jpg in Resources */ = {isa = PBXBuildFile; fileRef = AADAAE8A182F85D400641ECD /* 2.jpg */; };
		AADAAEA1182F85D400641ECD /* 3.jpg in Resources */ = {isa = PBXBuildFile; fileRef = AADAAE8B182F85D400641ECD /* 3.jpg */; };
		AADAAEA2182F85D400641ECD /* 3.jpg in Resources */ = {isa = PBXBuildFile; fileRef = AADAAE8B182F85D400641ECD /* 3.jpg */; };
		AADAAEA3182F85D400641ECD /* 4.jpg in Resources */ = {isa = PBXBuildFile; fileRef = AADAAE8C182F85D400641ECD /* 4.jpg */; };
		AADAAEA4182F85D400641ECD /* 4.jpg in Resources */ = {isa = PBXBuildFile; fileRef = AADAAE8C182F85D400641ECD /* 4.jpg */; };
		AADAAEA5182F85D400641ECD /* 5.jpg in Resources */ = {isa = PBXBuildFile; fileRef = AADAAE8D182F85D400641ECD /* 5.jpg */; };
		AADAAEA6182F85D400641ECD /* 5.jpg in Resources */ = {isa = PBXBuildFile; fileRef = AADAAE8D182F85D400641ECD /* 5.jpg */; };
		AADAAEA7182F85D400641ECD /* 6.jpg in Resources */ = {isa = PBXBuildFile; fileRef = AADAAE8E182F85D400641ECD /* 6.jpg */; };
		AADAAEA8182F85D400641ECD /* 6.jpg in Resources */ = {isa = PBXBuildFile; fileRef = AADAAE8E182F85D400641ECD /* 6.jpg */; };
		AADAAEA9182F85D400641ECD /* 7.jpg in Resources */ = {isa = PBXBuildFile; fileRef = AADAAE8F182F85D400641ECD /* 7.jpg */; };
		AADAAEAA182F85D400641ECD /* 7.jpg in Resources */ = {isa = PBXBuildFile; fileRef = AADAAE8F182F85D400641ECD /* 7.jpg */; };
		AADAAEAB182F85D400641ECD /* 8.jpg in Resources */ = {isa = PBXBuildFile; fileRef = AADAAE90182F85D400641ECD /* 8.jpg */; };
		AADAAEAC182F85D400641ECD /* 8.jpg in Resources */ = {isa = PBXBuildFile; fileRef = AADAAE90182F85D400641ECD /* 8.jpg */; };
		AADAAEAD182F85D400641ECD /* 9.jpg in Resources */ = {isa = PBXBuildFile; fileRef = AADAAE91182F85D400641ECD /* 9.jpg */; };
		AADAAEAE182F85D400641ECD /* 9.jpg in Resources */ = {isa = PBXBuildFile; fileRef = AADAAE91182F85D400641ECD /* 9.jpg */; };
		AADAAEAF182F85D400641ECD /* 10.jpg in Resources */ = {isa = PBXBuildFile; fileRef = AADAAE92182F85D400641ECD /* 10.jpg */; };
		AADAAEB0182F85D400641ECD /* 10.jpg in Resources */ = {isa = PBXBuildFile; fileRef = AADAAE92182F85D400641ECD /* 10.jpg */; };
		AADAAEB1182F85D400641ECD /* 11.jpg in Resources */ = {isa = PBXBuildFile; fileRef = AADAAE93182F85D400641ECD /* 11.jpg */; };
		AADAAEB2182F85D400641ECD /* 11.jpg in Resources */ = {isa = PBXBuildFile; fileRef = AADAAE93182F85D400641ECD /* 11.jpg */; };
		AADAAEB3182F85D400641ECD /* 12.jpg in Resources */ = {isa = PBXBuildFile; fileRef = AADAAE94182F85D400641ECD /* 12.jpg */; };
		AADAAEB4182F85D400641ECD /* 12.jpg in Resources */ = {isa = PBXBuildFile; fileRef = AADAAE94182F85D400641ECD /* 12.jpg */; };
		AADAAEB5182F85D400641ECD /* 13.jpg in Resources */ = {isa = PBXBuildFile; fileRef = AADAAE95182F85D400641ECD /* 13.jpg */; };
		AADAAEB6182F85D400641ECD /* 13.jpg in Resources */ = {isa = PBXBuildFile; fileRef = AADAAE95182F85D400641ECD /* 13.jpg */; };
		AADAAEB7182F85D400641ECD /* 14.jpg in Resources */ = {isa = PBXBuildFile; fileRef = AADAAE96182F85D400641ECD /* 14.jpg */; };
		AADAAEB8182F85D400641ECD /* 14.jpg in Resources */ = {isa = PBXBuildFile; fileRef = AADAAE96182F85D400641ECD /* 14.jpg */; };
		AADAAEB9182F85D400641ECD /* 15.jpg in Resources */ = {isa = PBXBuildFile; fileRef = AADAAE97182F85D400641ECD /* 15.jpg */; };
		AADAAEBA182F85D400641ECD /* 15.jpg in Resources */ = {isa = PBXBuildFile; fileRef = AADAAE97182F85D400641ECD /* 15.jpg */; };
		AADAAEBB182F85D400641ECD /* 16.jpg in Resources */ = {isa = PBXBuildFile; fileRef = AADAAE98182F85D400641ECD /* 16.jpg */; };
		AADAAEBC182F85D400641ECD /* 16.jpg in Resources */ = {isa = PBXBuildFile; fileRef = AADAAE98182F85D400641ECD /* 16.jpg */; };
		AADAAEBD182F85D400641ECD /* 17.jpg in Resources */ = {isa = PBXBuildFile; fileRef = AADAAE99182F85D400641ECD /* 17.jpg */; };
		AADAAEBE182F85D400641ECD /* 17.jpg in Resources */ = {isa = PBXBuildFile; fileRef = AADAAE99182F85D400641ECD /* 17.jpg */; };
		AADAAEBF182F85D400641ECD /* 18.jpg in Resources */ = {isa = PBXBuildFile; fileRef = AADAAE9A182F85D400641ECD /* 18.jpg */; };
		AADAAEC0182F85D400641ECD /* 18.jpg in Resources */ = {isa = PBXBuildFile; fileRef = AADAAE9A182F85D400641ECD /* 18.jpg */; };
		AADAAEC1182F85D400641ECD /* 19.jpg in Resources */ = {isa = PBXBuildFile; fileRef = AADAAE9B182F85D400641ECD /* 19.jpg */; };
		AADAAEC2182F85D400641ECD /* 19.jpg in Resources */ = {isa = PBXBuildFile; fileRef = AADAAE9B182F85D400641ECD /* 19.jpg */; };
		AADAAEC3182F85D400641ECD /* 20.jpg in Resources */ = {isa = PBXBuildFile; fileRef = AADAAE9C182F85D400641ECD /* 20.jpg */; };
		AADAAEC4182F85D400641ECD /* 20.jpg in Resources */ = {isa = PBXBuildFile; fileRef = AADAAE9C182F85D400641ECD /* 20.jpg */; };
		AADAAEC9182F860700641ECD /* email-ko.png in Resources */ = {isa = PBXBuildFile; fileRef = AADAAEC5182F860700641ECD /* email-ko.png */; };
		AADAAECA182F860700641ECD /* email-ko.png in Resources */ = {isa = PBXBuildFile; fileRef = AADAAEC5182F860700641ECD /* email-ko.png */; };
		AADAAECB182F860700641ECD /* email-ko@2x.png in Resources */ = {isa = PBXBuildFile; fileRef = AADAAEC6182F860700641ECD /* email-ko@2x.png */; };
		AADAAECC182F860700641ECD /* email-ko@2x.png in Resources */ = {isa = PBXBuildFile; fileRef = AADAAEC6182F860700641ECD /* email-ko@2x.png */; };
		AADAAECD182F860700641ECD /* email.png in Resources */ = {isa = PBXBuildFile; fileRef = AADAAEC7182F860700641ECD /* email.png */; };
		AADAAECE182F860700641ECD /* email.png in Resources */ = {isa = PBXBuildFile; fileRef = AADAAEC7182F860700641ECD /* email.png */; };
		AADAAECF182F860700641ECD /* email@2x.png in Resources */ = {isa = PBXBuildFile; fileRef = AADAAEC8182F860700641ECD /* email@2x.png */; };
		AADAAED0182F860700641ECD /* email@2x.png in Resources */ = {isa = PBXBuildFile; fileRef = AADAAEC8182F860700641ECD /* email@2x.png */; };
		AADAAED3182F866C00641ECD /* newMapIcon.png in Resources */ = {isa = PBXBuildFile; fileRef = AADAAED1182F866C00641ECD /* newMapIcon.png */; };
		AADAAED4182F866C00641ECD /* newMapIcon.png in Resources */ = {isa = PBXBuildFile; fileRef = AADAAED1182F866C00641ECD /* newMapIcon.png */; };
		AADAAED5182F866C00641ECD /* newMapIcon@2x.png in Resources */ = {isa = PBXBuildFile; fileRef = AADAAED2182F866C00641ECD /* newMapIcon@2x.png */; };
		AADAAED6182F866C00641ECD /* newMapIcon@2x.png in Resources */ = {isa = PBXBuildFile; fileRef = AADAAED2182F866C00641ECD /* newMapIcon@2x.png */; };
		AADAAED9182F86A600641ECD /* black_gradient.png in Resources */ = {isa = PBXBuildFile; fileRef = AADAAED7182F86A600641ECD /* black_gradient.png */; };
		AADAAEDA182F86A600641ECD /* black_gradient.png in Resources */ = {isa = PBXBuildFile; fileRef = AADAAED7182F86A600641ECD /* black_gradient.png */; };
		AADAAEDB182F86A600641ECD /* black_gradient@2x.png in Resources */ = {isa = PBXBuildFile; fileRef = AADAAED8182F86A600641ECD /* black_gradient@2x.png */; };
		AADAAEDC182F86A600641ECD /* black_gradient@2x.png in Resources */ = {isa = PBXBuildFile; fileRef = AADAAED8182F86A600641ECD /* black_gradient@2x.png */; };
		AADAAEE1182F86B600641ECD /* blackArrow.png in Resources */ = {isa = PBXBuildFile; fileRef = AADAAEDD182F86B600641ECD /* blackArrow.png */; };
		AADAAEE2182F86B600641ECD /* blackArrow.png in Resources */ = {isa = PBXBuildFile; fileRef = AADAAEDD182F86B600641ECD /* blackArrow.png */; };
		AADAAEE3182F86B600641ECD /* blackArrow@2x.png in Resources */ = {isa = PBXBuildFile; fileRef = AADAAEDE182F86B600641ECD /* blackArrow@2x.png */; };
		AADAAEE4182F86B600641ECD /* blackArrow@2x.png in Resources */ = {isa = PBXBuildFile; fileRef = AADAAEDE182F86B600641ECD /* blackArrow@2x.png */; };
		AADAAEE5182F86B600641ECD /* blueArrow.png in Resources */ = {isa = PBXBuildFile; fileRef = AADAAEDF182F86B600641ECD /* blueArrow.png */; };
		AADAAEE6182F86B600641ECD /* blueArrow.png in Resources */ = {isa = PBXBuildFile; fileRef = AADAAEDF182F86B600641ECD /* blueArrow.png */; };
		AADAAEE7182F86B600641ECD /* blueArrow@2x.png in Resources */ = {isa = PBXBuildFile; fileRef = AADAAEE0182F86B600641ECD /* blueArrow@2x.png */; };
		AADAAEE8182F86B600641ECD /* blueArrow@2x.png in Resources */ = {isa = PBXBuildFile; fileRef = AADAAEE0182F86B600641ECD /* blueArrow@2x.png */; };
		AADAAEED182F86CF00641ECD /* buttonsBack-single.png in Resources */ = {isa = PBXBuildFile; fileRef = AADAAEE9182F86CF00641ECD /* buttonsBack-single.png */; };
		AADAAEEE182F86CF00641ECD /* buttonsBack-single.png in Resources */ = {isa = PBXBuildFile; fileRef = AADAAEE9182F86CF00641ECD /* buttonsBack-single.png */; };
		AADAAEEF182F86CF00641ECD /* buttonsBack-single@2x.png in Resources */ = {isa = PBXBuildFile; fileRef = AADAAEEA182F86CF00641ECD /* buttonsBack-single@2x.png */; };
		AADAAEF0182F86CF00641ECD /* buttonsBack-single@2x.png in Resources */ = {isa = PBXBuildFile; fileRef = AADAAEEA182F86CF00641ECD /* buttonsBack-single@2x.png */; };
		AADAAEF1182F86CF00641ECD /* buttonsBack.png in Resources */ = {isa = PBXBuildFile; fileRef = AADAAEEB182F86CF00641ECD /* buttonsBack.png */; };
		AADAAEF2182F86CF00641ECD /* buttonsBack.png in Resources */ = {isa = PBXBuildFile; fileRef = AADAAEEB182F86CF00641ECD /* buttonsBack.png */; };
		AADAAEF3182F86CF00641ECD /* buttonsBack@2x.png in Resources */ = {isa = PBXBuildFile; fileRef = AADAAEEC182F86CF00641ECD /* buttonsBack@2x.png */; };
		AADAAEF4182F86CF00641ECD /* buttonsBack@2x.png in Resources */ = {isa = PBXBuildFile; fileRef = AADAAEEC182F86CF00641ECD /* buttonsBack@2x.png */; };
		AADAAEF7182F86EE00641ECD /* detaildisclosure.png in Resources */ = {isa = PBXBuildFile; fileRef = AADAAEF5182F86EE00641ECD /* detaildisclosure.png */; };
		AADAAEF8182F86EE00641ECD /* detaildisclosure.png in Resources */ = {isa = PBXBuildFile; fileRef = AADAAEF5182F86EE00641ECD /* detaildisclosure.png */; };
		AADAAEF9182F86EE00641ECD /* detaildisclosure@2x.png in Resources */ = {isa = PBXBuildFile; fileRef = AADAAEF6182F86EE00641ECD /* detaildisclosure@2x.png */; };
		AADAAEFA182F86EE00641ECD /* detaildisclosure@2x.png in Resources */ = {isa = PBXBuildFile; fileRef = AADAAEF6182F86EE00641ECD /* detaildisclosure@2x.png */; };
		AADAAEFD182F871500641ECD /* sega.png in Resources */ = {isa = PBXBuildFile; fileRef = AADAAEFB182F871500641ECD /* sega.png */; };
		AADAAEFE182F871500641ECD /* sega.png in Resources */ = {isa = PBXBuildFile; fileRef = AADAAEFB182F871500641ECD /* sega.png */; };
		AADAAEFF182F871500641ECD /* sega@2x.png in Resources */ = {isa = PBXBuildFile; fileRef = AADAAEFC182F871500641ECD /* sega@2x.png */; };
		AADAAF00182F871500641ECD /* sega@2x.png in Resources */ = {isa = PBXBuildFile; fileRef = AADAAEFC182F871500641ECD /* sega@2x.png */; };
		AADAAF03182F873200641ECD /* get-directions.png in Resources */ = {isa = PBXBuildFile; fileRef = AADAAF01182F873200641ECD /* get-directions.png */; };
		AADAAF04182F873200641ECD /* get-directions.png in Resources */ = {isa = PBXBuildFile; fileRef = AADAAF01182F873200641ECD /* get-directions.png */; };
		AADAAF05182F873200641ECD /* get-directions@2x.png in Resources */ = {isa = PBXBuildFile; fileRef = AADAAF02182F873200641ECD /* get-directions@2x.png */; };
		AADAAF06182F873200641ECD /* get-directions@2x.png in Resources */ = {isa = PBXBuildFile; fileRef = AADAAF02182F873200641ECD /* get-directions@2x.png */; };
		AADAAF0A182F875D00641ECD /* backbtm.png in Resources */ = {isa = PBXBuildFile; fileRef = AADAAF08182F875D00641ECD /* backbtm.png */; };
		AADAAF0B182F875D00641ECD /* backbtm.png in Resources */ = {isa = PBXBuildFile; fileRef = AADAAF08182F875D00641ECD /* backbtm.png */; };
		AADAAF0C182F875D00641ECD /* backbtm@2x.png in Resources */ = {isa = PBXBuildFile; fileRef = AADAAF09182F875D00641ECD /* backbtm@2x.png */; };
		AADAAF0D182F875D00641ECD /* backbtm@2x.png in Resources */ = {isa = PBXBuildFile; fileRef = AADAAF09182F875D00641ECD /* backbtm@2x.png */; };
		AADAAF0F182F905500641ECD /* MessageUI.framework in Frameworks */ = {isa = PBXBuildFile; fileRef = AADAAF0E182F905500641ECD /* MessageUI.framework */; };
		AADAAF12182F985C00641ECD /* arrowMap.png in Resources */ = {isa = PBXBuildFile; fileRef = AADAAF10182F985C00641ECD /* arrowMap.png */; };
		AADAAF13182F985C00641ECD /* arrowMap.png in Resources */ = {isa = PBXBuildFile; fileRef = AADAAF10182F985C00641ECD /* arrowMap.png */; };
		AADAAF14182F985C00641ECD /* arrowMap@2x.png in Resources */ = {isa = PBXBuildFile; fileRef = AADAAF11182F985C00641ECD /* arrowMap@2x.png */; };
		AADAAF15182F985C00641ECD /* arrowMap@2x.png in Resources */ = {isa = PBXBuildFile; fileRef = AADAAF11182F985C00641ECD /* arrowMap@2x.png */; };
/* End PBXBuildFile section */

/* Begin PBXContainerItemProxy section */
		AA5C2FD5182E315C00E58FF8 /* PBXContainerItemProxy */ = {
			isa = PBXContainerItemProxy;
			containerPortal = AA5C2FAD182E315C00E58FF8 /* Project object */;
			proxyType = 1;
			remoteGlobalIDString = AA5C2FB4182E315C00E58FF8;
			remoteInfo = SRNL;
		};
/* End PBXContainerItemProxy section */

/* Begin PBXFileReference section */
		AA5C2FB5182E315C00E58FF8 /* SRNL.app */ = {isa = PBXFileReference; explicitFileType = wrapper.application; includeInIndex = 0; path = SRNL.app; sourceTree = BUILT_PRODUCTS_DIR; };
		AA5C2FB8182E315C00E58FF8 /* Foundation.framework */ = {isa = PBXFileReference; lastKnownFileType = wrapper.framework; name = Foundation.framework; path = System/Library/Frameworks/Foundation.framework; sourceTree = SDKROOT; };
		AA5C2FBA182E315C00E58FF8 /* CoreGraphics.framework */ = {isa = PBXFileReference; lastKnownFileType = wrapper.framework; name = CoreGraphics.framework; path = System/Library/Frameworks/CoreGraphics.framework; sourceTree = SDKROOT; };
		AA5C2FBC182E315C00E58FF8 /* UIKit.framework */ = {isa = PBXFileReference; lastKnownFileType = wrapper.framework; name = UIKit.framework; path = System/Library/Frameworks/UIKit.framework; sourceTree = SDKROOT; };
		AA5C2FC0182E315C00E58FF8 /* SRNL-Info.plist */ = {isa = PBXFileReference; lastKnownFileType = text.plist.xml; path = "SRNL-Info.plist"; sourceTree = "<group>"; };
		AA5C2FC2182E315C00E58FF8 /* en */ = {isa = PBXFileReference; lastKnownFileType = text.plist.strings; name = en; path = en.lproj/InfoPlist.strings; sourceTree = "<group>"; };
		AA5C2FC4182E315C00E58FF8 /* main.m */ = {isa = PBXFileReference; lastKnownFileType = sourcecode.c.objc; path = main.m; sourceTree = "<group>"; };
		AA5C2FC6182E315C00E58FF8 /* SRNL-Prefix.pch */ = {isa = PBXFileReference; lastKnownFileType = sourcecode.c.h; path = "SRNL-Prefix.pch"; sourceTree = "<group>"; };
		AA5C2FC7182E315C00E58FF8 /* CLAAppDelegate.h */ = {isa = PBXFileReference; lastKnownFileType = sourcecode.c.h; path = CLAAppDelegate.h; sourceTree = "<group>"; };
		AA5C2FC8182E315C00E58FF8 /* CLAAppDelegate.m */ = {isa = PBXFileReference; lastKnownFileType = sourcecode.c.objc; path = CLAAppDelegate.m; sourceTree = "<group>"; };
		AA5C2FCA182E315C00E58FF8 /* Images.xcassets */ = {isa = PBXFileReference; lastKnownFileType = folder.assetcatalog; path = Images.xcassets; sourceTree = "<group>"; };
		AA5C2FD0182E315C00E58FF8 /* SRNLTests.xctest */ = {isa = PBXFileReference; explicitFileType = wrapper.cfbundle; includeInIndex = 0; path = SRNLTests.xctest; sourceTree = BUILT_PRODUCTS_DIR; };
		AA5C2FD1182E315C00E58FF8 /* XCTest.framework */ = {isa = PBXFileReference; lastKnownFileType = wrapper.framework; name = XCTest.framework; path = Library/Frameworks/XCTest.framework; sourceTree = DEVELOPER_DIR; };
		AA5C2FD9182E315C00E58FF8 /* SRNLTests-Info.plist */ = {isa = PBXFileReference; lastKnownFileType = text.plist.xml; path = "SRNLTests-Info.plist"; sourceTree = "<group>"; };
		AA5C2FDB182E315C00E58FF8 /* en */ = {isa = PBXFileReference; lastKnownFileType = text.plist.strings; name = en; path = en.lproj/InfoPlist.strings; sourceTree = "<group>"; };
		AA5C2FDD182E315C00E58FF8 /* SRNLTests.m */ = {isa = PBXFileReference; lastKnownFileType = sourcecode.c.objc; path = SRNLTests.m; sourceTree = "<group>"; };
		AA5C2FEC182E33FB00E58FF8 /* CLAPlaceStore.h */ = {isa = PBXFileReference; fileEncoding = 4; lastKnownFileType = sourcecode.c.h; path = CLAPlaceStore.h; sourceTree = "<group>"; };
		AA5C2FED182E33FB00E58FF8 /* CLAPlaceStore.m */ = {isa = PBXFileReference; fileEncoding = 4; lastKnownFileType = sourcecode.c.objc; path = CLAPlaceStore.m; sourceTree = "<group>"; };
		AA5C2FF0182E376100E58FF8 /* CLAPlaceProtocol.h */ = {isa = PBXFileReference; lastKnownFileType = sourcecode.c.h; name = CLAPlaceProtocol.h; path = Model/CLAPlaceProtocol.h; sourceTree = "<group>"; };
		AA5C2FF3182E396300E58FF8 /* CLAPlacesTableViewController.h */ = {isa = PBXFileReference; fileEncoding = 4; lastKnownFileType = sourcecode.c.h; name = CLAPlacesTableViewController.h; path = VC/CLAPlacesTableViewController.h; sourceTree = "<group>"; };
		AA5C2FF4182E396300E58FF8 /* CLAPlacesTableViewController.m */ = {isa = PBXFileReference; fileEncoding = 4; lastKnownFileType = sourcecode.c.objc; name = CLAPlacesTableViewController.m; path = VC/CLAPlacesTableViewController.m; sourceTree = "<group>"; };
		AA5C2FF8182E44C700E58FF8 /* MainStoryboard.storyboard */ = {isa = PBXFileReference; fileEncoding = 4; lastKnownFileType = file.storyboard; path = MainStoryboard.storyboard; sourceTree = "<group>"; };
		AA5C307A182E499D00E58FF8 /* bigmenubck.png */ = {isa = PBXFileReference; lastKnownFileType = image.png; path = bigmenubck.png; sourceTree = "<group>"; };
		AA5C307D182E545700E58FF8 /* background-nologo.png */ = {isa = PBXFileReference; lastKnownFileType = image.png; path = "background-nologo.png"; sourceTree = "<group>"; };
		AA5C307E182E545700E58FF8 /* background-nologo@2x.png */ = {isa = PBXFileReference; lastKnownFileType = image.png; path = "background-nologo@2x.png"; sourceTree = "<group>"; };
		AA5C3083182E57AE00E58FF8 /* CLAMainTableViewCell.h */ = {isa = PBXFileReference; fileEncoding = 4; lastKnownFileType = sourcecode.c.h; path = CLAMainTableViewCell.h; sourceTree = "<group>"; };
		AA5C3084182E57AE00E58FF8 /* CLAMainTableViewCell.m */ = {isa = PBXFileReference; fileEncoding = 4; lastKnownFileType = sourcecode.c.objc; path = CLAMainTableViewCell.m; sourceTree = "<group>"; };
		AA5C3088182E609E00E58FF8 /* test.jpg */ = {isa = PBXFileReference; lastKnownFileType = image.jpeg; path = test.jpg; sourceTree = "<group>"; };
		AAC8FB63182E758900A94C5B /* tab_pin.png */ = {isa = PBXFileReference; lastKnownFileType = image.png; path = tab_pin.png; sourceTree = "<group>"; };
		AAC8FB66182E762000A94C5B /* CLAMapViewController.h */ = {isa = PBXFileReference; fileEncoding = 4; lastKnownFileType = sourcecode.c.h; name = CLAMapViewController.h; path = VC/CLAMapViewController.h; sourceTree = "<group>"; };
		AAC8FB67182E762000A94C5B /* CLAMapViewController.m */ = {isa = PBXFileReference; fileEncoding = 4; lastKnownFileType = sourcecode.c.objc; name = CLAMapViewController.m; path = VC/CLAMapViewController.m; sourceTree = "<group>"; };
		AAC8FB6A182E898100A94C5B /* MapKit.framework */ = {isa = PBXFileReference; lastKnownFileType = wrapper.framework; name = MapKit.framework; path = Platforms/iPhoneOS.platform/Developer/SDKs/iPhoneOS6.1.sdk/System/Library/Frameworks/MapKit.framework; sourceTree = DEVELOPER_DIR; };
		AAC8FB6C182E9C6900A94C5B /* DefaultMapZone */ = {isa = PBXFileReference; fileEncoding = 4; lastKnownFileType = text.xml; path = DefaultMapZone; sourceTree = "<group>"; };
		AAC8FB6F182E9E6F00A94C5B /* CoreLocation.framework */ = {isa = PBXFileReference; lastKnownFileType = wrapper.framework; name = CoreLocation.framework; path = Platforms/iPhoneOS.platform/Developer/SDKs/iPhoneOS6.1.sdk/System/Library/Frameworks/CoreLocation.framework; sourceTree = DEVELOPER_DIR; };
		AAC8FB71182EAC3D00A94C5B /* pub.png */ = {isa = PBXFileReference; lastKnownFileType = image.png; path = pub.png; sourceTree = "<group>"; };
		AAD4703F182FB46B008F785E /* iconmap.png */ = {isa = PBXFileReference; lastKnownFileType = image.png; path = iconmap.png; sourceTree = "<group>"; };
		AAD47040182FB46B008F785E /* iconmap@2x.png */ = {isa = PBXFileReference; lastKnownFileType = image.png; path = "iconmap@2x.png"; sourceTree = "<group>"; };
		AAD47043182FB492008F785E /* listicon.png */ = {isa = PBXFileReference; lastKnownFileType = image.png; path = listicon.png; sourceTree = "<group>"; };
		AAD47044182FB492008F785E /* listicon@2x.png */ = {isa = PBXFileReference; lastKnownFileType = image.png; path = "listicon@2x.png"; sourceTree = "<group>"; };
		AADAAE70182EC1D600641ECD /* Model.xcdatamodel */ = {isa = PBXFileReference; lastKnownFileType = wrapper.xcdatamodel; path = Model.xcdatamodel; sourceTree = "<group>"; };
		AADAAE73182EC3CB00641ECD /* CLAPlace.h */ = {isa = PBXFileReference; fileEncoding = 4; lastKnownFileType = sourcecode.c.h; path = CLAPlace.h; sourceTree = "<group>"; };
		AADAAE74182EC3CB00641ECD /* CLAPlace.m */ = {isa = PBXFileReference; fileEncoding = 4; lastKnownFileType = sourcecode.c.objc; path = CLAPlace.m; sourceTree = "<group>"; };
		AADAAE77182EC4B700641ECD /* CoreData.framework */ = {isa = PBXFileReference; lastKnownFileType = wrapper.framework; name = CoreData.framework; path = Platforms/iPhoneOS.platform/Developer/SDKs/iPhoneOS6.1.sdk/System/Library/Frameworks/CoreData.framework; sourceTree = DEVELOPER_DIR; };
		AADAAE79182F7D4900641ECD /* CLADetailViewController.h */ = {isa = PBXFileReference; fileEncoding = 4; lastKnownFileType = sourcecode.c.h; path = CLADetailViewController.h; sourceTree = "<group>"; };
		AADAAE7A182F7D4900641ECD /* CLADetailViewController.m */ = {isa = PBXFileReference; fileEncoding = 4; lastKnownFileType = sourcecode.c.objc; path = CLADetailViewController.m; sourceTree = "<group>"; };
		AADAAE7D182F859000641ECD /* phone-ko.png */ = {isa = PBXFileReference; lastKnownFileType = image.png; path = "phone-ko.png"; sourceTree = "<group>"; };
		AADAAE7E182F859000641ECD /* phone-ko@2x.png */ = {isa = PBXFileReference; lastKnownFileType = image.png; path = "phone-ko@2x.png"; sourceTree = "<group>"; };
		AADAAE7F182F859000641ECD /* phone.png */ = {isa = PBXFileReference; lastKnownFileType = image.png; path = phone.png; sourceTree = "<group>"; };
		AADAAE80182F859000641ECD /* phone@2x.png */ = {isa = PBXFileReference; lastKnownFileType = image.png; path = "phone@2x.png"; sourceTree = "<group>"; };
		AADAAE89182F85D400641ECD /* 1.jpg */ = {isa = PBXFileReference; lastKnownFileType = image.jpeg; path = 1.jpg; sourceTree = "<group>"; };
		AADAAE8A182F85D400641ECD /* 2.jpg */ = {isa = PBXFileReference; lastKnownFileType = image.jpeg; path = 2.jpg; sourceTree = "<group>"; };
		AADAAE8B182F85D400641ECD /* 3.jpg */ = {isa = PBXFileReference; lastKnownFileType = image.jpeg; path = 3.jpg; sourceTree = "<group>"; };
		AADAAE8C182F85D400641ECD /* 4.jpg */ = {isa = PBXFileReference; lastKnownFileType = image.jpeg; path = 4.jpg; sourceTree = "<group>"; };
		AADAAE8D182F85D400641ECD /* 5.jpg */ = {isa = PBXFileReference; lastKnownFileType = image.jpeg; path = 5.jpg; sourceTree = "<group>"; };
		AADAAE8E182F85D400641ECD /* 6.jpg */ = {isa = PBXFileReference; lastKnownFileType = image.jpeg; path = 6.jpg; sourceTree = "<group>"; };
		AADAAE8F182F85D400641ECD /* 7.jpg */ = {isa = PBXFileReference; lastKnownFileType = image.jpeg; path = 7.jpg; sourceTree = "<group>"; };
		AADAAE90182F85D400641ECD /* 8.jpg */ = {isa = PBXFileReference; lastKnownFileType = image.jpeg; path = 8.jpg; sourceTree = "<group>"; };
		AADAAE91182F85D400641ECD /* 9.jpg */ = {isa = PBXFileReference; lastKnownFileType = image.jpeg; path = 9.jpg; sourceTree = "<group>"; };
		AADAAE92182F85D400641ECD /* 10.jpg */ = {isa = PBXFileReference; lastKnownFileType = image.jpeg; path = 10.jpg; sourceTree = "<group>"; };
		AADAAE93182F85D400641ECD /* 11.jpg */ = {isa = PBXFileReference; lastKnownFileType = image.jpeg; path = 11.jpg; sourceTree = "<group>"; };
		AADAAE94182F85D400641ECD /* 12.jpg */ = {isa = PBXFileReference; lastKnownFileType = image.jpeg; path = 12.jpg; sourceTree = "<group>"; };
		AADAAE95182F85D400641ECD /* 13.jpg */ = {isa = PBXFileReference; lastKnownFileType = image.jpeg; path = 13.jpg; sourceTree = "<group>"; };
		AADAAE96182F85D400641ECD /* 14.jpg */ = {isa = PBXFileReference; lastKnownFileType = image.jpeg; path = 14.jpg; sourceTree = "<group>"; };
		AADAAE97182F85D400641ECD /* 15.jpg */ = {isa = PBXFileReference; lastKnownFileType = image.jpeg; path = 15.jpg; sourceTree = "<group>"; };
		AADAAE98182F85D400641ECD /* 16.jpg */ = {isa = PBXFileReference; lastKnownFileType = image.jpeg; path = 16.jpg; sourceTree = "<group>"; };
		AADAAE99182F85D400641ECD /* 17.jpg */ = {isa = PBXFileReference; lastKnownFileType = image.jpeg; path = 17.jpg; sourceTree = "<group>"; };
		AADAAE9A182F85D400641ECD /* 18.jpg */ = {isa = PBXFileReference; lastKnownFileType = image.jpeg; path = 18.jpg; sourceTree = "<group>"; };
		AADAAE9B182F85D400641ECD /* 19.jpg */ = {isa = PBXFileReference; lastKnownFileType = image.jpeg; path = 19.jpg; sourceTree = "<group>"; };
		AADAAE9C182F85D400641ECD /* 20.jpg */ = {isa = PBXFileReference; lastKnownFileType = image.jpeg; path = 20.jpg; sourceTree = "<group>"; };
		AADAAEC5182F860700641ECD /* email-ko.png */ = {isa = PBXFileReference; lastKnownFileType = image.png; path = "email-ko.png"; sourceTree = "<group>"; };
		AADAAEC6182F860700641ECD /* email-ko@2x.png */ = {isa = PBXFileReference; lastKnownFileType = image.png; path = "email-ko@2x.png"; sourceTree = "<group>"; };
		AADAAEC7182F860700641ECD /* email.png */ = {isa = PBXFileReference; lastKnownFileType = image.png; path = email.png; sourceTree = "<group>"; };
		AADAAEC8182F860700641ECD /* email@2x.png */ = {isa = PBXFileReference; lastKnownFileType = image.png; path = "email@2x.png"; sourceTree = "<group>"; };
		AADAAED1182F866C00641ECD /* newMapIcon.png */ = {isa = PBXFileReference; lastKnownFileType = image.png; path = newMapIcon.png; sourceTree = "<group>"; };
		AADAAED2182F866C00641ECD /* newMapIcon@2x.png */ = {isa = PBXFileReference; lastKnownFileType = image.png; path = "newMapIcon@2x.png"; sourceTree = "<group>"; };
		AADAAED7182F86A600641ECD /* black_gradient.png */ = {isa = PBXFileReference; lastKnownFileType = image.png; path = black_gradient.png; sourceTree = "<group>"; };
		AADAAED8182F86A600641ECD /* black_gradient@2x.png */ = {isa = PBXFileReference; lastKnownFileType = image.png; path = "black_gradient@2x.png"; sourceTree = "<group>"; };
		AADAAEDD182F86B600641ECD /* blackArrow.png */ = {isa = PBXFileReference; lastKnownFileType = image.png; path = blackArrow.png; sourceTree = "<group>"; };
		AADAAEDE182F86B600641ECD /* blackArrow@2x.png */ = {isa = PBXFileReference; lastKnownFileType = image.png; path = "blackArrow@2x.png"; sourceTree = "<group>"; };
		AADAAEDF182F86B600641ECD /* blueArrow.png */ = {isa = PBXFileReference; lastKnownFileType = image.png; path = blueArrow.png; sourceTree = "<group>"; };
		AADAAEE0182F86B600641ECD /* blueArrow@2x.png */ = {isa = PBXFileReference; lastKnownFileType = image.png; path = "blueArrow@2x.png"; sourceTree = "<group>"; };
		AADAAEE9182F86CF00641ECD /* buttonsBack-single.png */ = {isa = PBXFileReference; lastKnownFileType = image.png; path = "buttonsBack-single.png"; sourceTree = "<group>"; };
		AADAAEEA182F86CF00641ECD /* buttonsBack-single@2x.png */ = {isa = PBXFileReference; lastKnownFileType = image.png; path = "buttonsBack-single@2x.png"; sourceTree = "<group>"; };
		AADAAEEB182F86CF00641ECD /* buttonsBack.png */ = {isa = PBXFileReference; lastKnownFileType = image.png; path = buttonsBack.png; sourceTree = "<group>"; };
		AADAAEEC182F86CF00641ECD /* buttonsBack@2x.png */ = {isa = PBXFileReference; lastKnownFileType = image.png; path = "buttonsBack@2x.png"; sourceTree = "<group>"; };
		AADAAEF5182F86EE00641ECD /* detaildisclosure.png */ = {isa = PBXFileReference; lastKnownFileType = image.png; path = detaildisclosure.png; sourceTree = "<group>"; };
		AADAAEF6182F86EE00641ECD /* detaildisclosure@2x.png */ = {isa = PBXFileReference; lastKnownFileType = image.png; path = "detaildisclosure@2x.png"; sourceTree = "<group>"; };
		AADAAEFB182F871500641ECD /* sega.png */ = {isa = PBXFileReference; lastKnownFileType = image.png; path = sega.png; sourceTree = "<group>"; };
		AADAAEFC182F871500641ECD /* sega@2x.png */ = {isa = PBXFileReference; lastKnownFileType = image.png; path = "sega@2x.png"; sourceTree = "<group>"; };
		AADAAF01182F873200641ECD /* get-directions.png */ = {isa = PBXFileReference; lastKnownFileType = image.png; path = "get-directions.png"; sourceTree = "<group>"; };
		AADAAF02182F873200641ECD /* get-directions@2x.png */ = {isa = PBXFileReference; lastKnownFileType = image.png; path = "get-directions@2x.png"; sourceTree = "<group>"; };
		AADAAF08182F875D00641ECD /* backbtm.png */ = {isa = PBXFileReference; lastKnownFileType = image.png; path = backbtm.png; sourceTree = "<group>"; };
		AADAAF09182F875D00641ECD /* backbtm@2x.png */ = {isa = PBXFileReference; lastKnownFileType = image.png; path = "backbtm@2x.png"; sourceTree = "<group>"; };
		AADAAF0E182F905500641ECD /* MessageUI.framework */ = {isa = PBXFileReference; lastKnownFileType = wrapper.framework; name = MessageUI.framework; path = Platforms/iPhoneOS.platform/Developer/SDKs/iPhoneOS6.1.sdk/System/Library/Frameworks/MessageUI.framework; sourceTree = DEVELOPER_DIR; };
		AADAAF10182F985C00641ECD /* arrowMap.png */ = {isa = PBXFileReference; lastKnownFileType = image.png; path = arrowMap.png; sourceTree = "<group>"; };
		AADAAF11182F985C00641ECD /* arrowMap@2x.png */ = {isa = PBXFileReference; lastKnownFileType = image.png; path = "arrowMap@2x.png"; sourceTree = "<group>"; };
/* End PBXFileReference section */

/* Begin PBXFrameworksBuildPhase section */
		AA5C2FB2182E315C00E58FF8 /* Frameworks */ = {
			isa = PBXFrameworksBuildPhase;
			buildActionMask = 2147483647;
			files = (
				AADAAF0F182F905500641ECD /* MessageUI.framework in Frameworks */,
				AADAAE78182EC4B700641ECD /* CoreData.framework in Frameworks */,
				AAC8FB70182E9E6F00A94C5B /* CoreLocation.framework in Frameworks */,
				AAC8FB6B182E898100A94C5B /* MapKit.framework in Frameworks */,
				AA5C2FBB182E315C00E58FF8 /* CoreGraphics.framework in Frameworks */,
				AA5C2FBD182E315C00E58FF8 /* UIKit.framework in Frameworks */,
				AA5C2FB9182E315C00E58FF8 /* Foundation.framework in Frameworks */,
			);
			runOnlyForDeploymentPostprocessing = 0;
		};
		AA5C2FCD182E315C00E58FF8 /* Frameworks */ = {
			isa = PBXFrameworksBuildPhase;
			buildActionMask = 2147483647;
			files = (
				AA5C2FD2182E315C00E58FF8 /* XCTest.framework in Frameworks */,
				AA5C2FD4182E315C00E58FF8 /* UIKit.framework in Frameworks */,
				AA5C2FD3182E315C00E58FF8 /* Foundation.framework in Frameworks */,
			);
			runOnlyForDeploymentPostprocessing = 0;
		};
/* End PBXFrameworksBuildPhase section */

/* Begin PBXGroup section */
		AA5C2FAC182E315C00E58FF8 = {
			isa = PBXGroup;
			children = (
				AA5C2FF7182E43D300E58FF8 /* ViewControllers/Views */,
				AA5C2FEB182E33D400E58FF8 /* Model */,
				AA5C3087182E5B3A00E58FF8 /* Assets */,
				AA5C2FBE182E315C00E58FF8 /* SRNL */,
				AA5C2FD7182E315C00E58FF8 /* SRNLTests */,
				AA5C2FB7182E315C00E58FF8 /* Frameworks */,
				AA5C2FB6182E315C00E58FF8 /* Products */,
			);
			sourceTree = "<group>";
		};
		AA5C2FB6182E315C00E58FF8 /* Products */ = {
			isa = PBXGroup;
			children = (
				AA5C2FB5182E315C00E58FF8 /* SRNL.app */,
				AA5C2FD0182E315C00E58FF8 /* SRNLTests.xctest */,
			);
			name = Products;
			sourceTree = "<group>";
		};
		AA5C2FB7182E315C00E58FF8 /* Frameworks */ = {
			isa = PBXGroup;
			children = (
				AADAAF0E182F905500641ECD /* MessageUI.framework */,
				AADAAE77182EC4B700641ECD /* CoreData.framework */,
				AAC8FB6F182E9E6F00A94C5B /* CoreLocation.framework */,
				AAC8FB6A182E898100A94C5B /* MapKit.framework */,
				AA5C2FB8182E315C00E58FF8 /* Foundation.framework */,
				AA5C2FBA182E315C00E58FF8 /* CoreGraphics.framework */,
				AA5C2FBC182E315C00E58FF8 /* UIKit.framework */,
				AA5C2FD1182E315C00E58FF8 /* XCTest.framework */,
			);
			name = Frameworks;
			sourceTree = "<group>";
		};
		AA5C2FBE182E315C00E58FF8 /* SRNL */ = {
			isa = PBXGroup;
			children = (
				AA5C2FF8182E44C700E58FF8 /* MainStoryboard.storyboard */,
				AA5C2FC7182E315C00E58FF8 /* CLAAppDelegate.h */,
				AA5C2FC8182E315C00E58FF8 /* CLAAppDelegate.m */,
				AA5C2FCA182E315C00E58FF8 /* Images.xcassets */,
				AA5C2FBF182E315C00E58FF8 /* Supporting Files */,
			);
			path = SRNL;
			sourceTree = "<group>";
		};
		AA5C2FBF182E315C00E58FF8 /* Supporting Files */ = {
			isa = PBXGroup;
			children = (
				AA5C2FC0182E315C00E58FF8 /* SRNL-Info.plist */,
				AA5C2FC1182E315C00E58FF8 /* InfoPlist.strings */,
				AA5C2FC4182E315C00E58FF8 /* main.m */,
				AA5C2FC6182E315C00E58FF8 /* SRNL-Prefix.pch */,
			);
			name = "Supporting Files";
			sourceTree = "<group>";
		};
		AA5C2FD7182E315C00E58FF8 /* SRNLTests */ = {
			isa = PBXGroup;
			children = (
				AA5C2FDD182E315C00E58FF8 /* SRNLTests.m */,
				AA5C2FD8182E315C00E58FF8 /* Supporting Files */,
			);
			path = SRNLTests;
			sourceTree = "<group>";
		};
		AA5C2FD8182E315C00E58FF8 /* Supporting Files */ = {
			isa = PBXGroup;
			children = (
				AA5C2FD9182E315C00E58FF8 /* SRNLTests-Info.plist */,
				AA5C2FDA182E315C00E58FF8 /* InfoPlist.strings */,
			);
			name = "Supporting Files";
			sourceTree = "<group>";
		};
		AA5C2FEB182E33D400E58FF8 /* Model */ = {
			isa = PBXGroup;
			children = (
				AA5C2FF0182E376100E58FF8 /* CLAPlaceProtocol.h */,
				AA5C2FEC182E33FB00E58FF8 /* CLAPlaceStore.h */,
				AA5C2FED182E33FB00E58FF8 /* CLAPlaceStore.m */,
				AADAAE6F182EC1D600641ECD /* Model.xcdatamodeld */,
				AADAAE73182EC3CB00641ECD /* CLAPlace.h */,
				AADAAE74182EC3CB00641ECD /* CLAPlace.m */,
			);
			name = Model;
			sourceTree = "<group>";
		};
		AA5C2FF7182E43D300E58FF8 /* ViewControllers/Views */ = {
			isa = PBXGroup;
			children = (
				AA5C3083182E57AE00E58FF8 /* CLAMainTableViewCell.h */,
				AA5C3084182E57AE00E58FF8 /* CLAMainTableViewCell.m */,
				AAC8FB66182E762000A94C5B /* CLAMapViewController.h */,
				AAC8FB67182E762000A94C5B /* CLAMapViewController.m */,
				AA5C2FF3182E396300E58FF8 /* CLAPlacesTableViewController.h */,
				AA5C2FF4182E396300E58FF8 /* CLAPlacesTableViewController.m */,
				AADAAE79182F7D4900641ECD /* CLADetailViewController.h */,
				AADAAE7A182F7D4900641ECD /* CLADetailViewController.m */,
			);
			name = ViewControllers/Views;
			sourceTree = "<group>";
		};
		AA5C3087182E5B3A00E58FF8 /* Assets */ = {
			isa = PBXGroup;
			children = (
				AAD4703F182FB46B008F785E /* iconmap.png */,
				AAD47043182FB492008F785E /* listicon.png */,
				AAD47044182FB492008F785E /* listicon@2x.png */,
				AAD47040182FB46B008F785E /* iconmap@2x.png */,
				AADAAF07182F873A00641ECD /* DATA */,
				AADAAED1182F866C00641ECD /* newMapIcon.png */,
				AADAAF10182F985C00641ECD /* arrowMap.png */,
				AADAAF11182F985C00641ECD /* arrowMap@2x.png */,
				AADAAED2182F866C00641ECD /* newMapIcon@2x.png */,
				AADAAE7D182F859000641ECD /* phone-ko.png */,
				AADAAED7182F86A600641ECD /* black_gradient.png */,
				AADAAED8182F86A600641ECD /* black_gradient@2x.png */,
				AADAAEF5182F86EE00641ECD /* detaildisclosure.png */,
				AADAAEF6182F86EE00641ECD /* detaildisclosure@2x.png */,
				AADAAEFB182F871500641ECD /* sega.png */,
				AADAAF01182F873200641ECD /* get-directions.png */,
				AADAAF02182F873200641ECD /* get-directions@2x.png */,
				AADAAEFC182F871500641ECD /* sega@2x.png */,
				AADAAEC5182F860700641ECD /* email-ko.png */,
				AADAAEE9182F86CF00641ECD /* buttonsBack-single.png */,
				AADAAEEA182F86CF00641ECD /* buttonsBack-single@2x.png */,
				AADAAEEB182F86CF00641ECD /* buttonsBack.png */,
				AADAAEEC182F86CF00641ECD /* buttonsBack@2x.png */,
				AADAAEDD182F86B600641ECD /* blackArrow.png */,
				AADAAEDE182F86B600641ECD /* blackArrow@2x.png */,
				AADAAEDF182F86B600641ECD /* blueArrow.png */,
				AADAAEE0182F86B600641ECD /* blueArrow@2x.png */,
				AADAAEC6182F860700641ECD /* email-ko@2x.png */,
				AADAAEC7182F860700641ECD /* email.png */,
				AADAAEC8182F860700641ECD /* email@2x.png */,
				AADAAE7E182F859000641ECD /* phone-ko@2x.png */,
				AADAAF08182F875D00641ECD /* backbtm.png */,
				AADAAF09182F875D00641ECD /* backbtm@2x.png */,
				AADAAE7F182F859000641ECD /* phone.png */,
				AADAAE80182F859000641ECD /* phone@2x.png */,
				AAC8FB6C182E9C6900A94C5B /* DefaultMapZone */,
				AAC8FB63182E758900A94C5B /* tab_pin.png */,
				AA5C3088182E609E00E58FF8 /* test.jpg */,
				AA5C307A182E499D00E58FF8 /* bigmenubck.png */,
				AA5C307D182E545700E58FF8 /* background-nologo.png */,
				AA5C307E182E545700E58FF8 /* background-nologo@2x.png */,
				AAC8FB71182EAC3D00A94C5B /* pub.png */,
			);
			name = Assets;
			sourceTree = "<group>";
		};
		AADAAF07182F873A00641ECD /* DATA */ = {
			isa = PBXGroup;
			children = (
				AADAAE94182F85D400641ECD /* 12.jpg */,
				AADAAE95182F85D400641ECD /* 13.jpg */,
				AADAAE96182F85D400641ECD /* 14.jpg */,
				AADAAE97182F85D400641ECD /* 15.jpg */,
				AADAAE98182F85D400641ECD /* 16.jpg */,
				AADAAE99182F85D400641ECD /* 17.jpg */,
				AADAAE9A182F85D400641ECD /* 18.jpg */,
				AADAAE9B182F85D400641ECD /* 19.jpg */,
				AADAAE9C182F85D400641ECD /* 20.jpg */,
				AADAAE89182F85D400641ECD /* 1.jpg */,
				AADAAE8A182F85D400641ECD /* 2.jpg */,
				AADAAE8B182F85D400641ECD /* 3.jpg */,
				AADAAE8C182F85D400641ECD /* 4.jpg */,
				AADAAE8D182F85D400641ECD /* 5.jpg */,
				AADAAE8E182F85D400641ECD /* 6.jpg */,
				AADAAE8F182F85D400641ECD /* 7.jpg */,
				AADAAE90182F85D400641ECD /* 8.jpg */,
				AADAAE91182F85D400641ECD /* 9.jpg */,
				AADAAE92182F85D400641ECD /* 10.jpg */,
				AADAAE93182F85D400641ECD /* 11.jpg */,
			);
			name = DATA;
			sourceTree = "<group>";
		};
/* End PBXGroup section */

/* Begin PBXNativeTarget section */
		AA5C2FB4182E315C00E58FF8 /* SRNL */ = {
			isa = PBXNativeTarget;
			buildConfigurationList = AA5C2FE1182E315C00E58FF8 /* Build configuration list for PBXNativeTarget "SRNL" */;
			buildPhases = (
				AA5C2FB1182E315C00E58FF8 /* Sources */,
				AA5C2FB2182E315C00E58FF8 /* Frameworks */,
				AA5C2FB3182E315C00E58FF8 /* Resources */,
			);
			buildRules = (
			);
			dependencies = (
			);
			name = SRNL;
			productName = SRNL;
			productReference = AA5C2FB5182E315C00E58FF8 /* SRNL.app */;
			productType = "com.apple.product-type.application";
		};
		AA5C2FCF182E315C00E58FF8 /* SRNLTests */ = {
			isa = PBXNativeTarget;
			buildConfigurationList = AA5C2FE4182E315C00E58FF8 /* Build configuration list for PBXNativeTarget "SRNLTests" */;
			buildPhases = (
				AA5C2FCC182E315C00E58FF8 /* Sources */,
				AA5C2FCD182E315C00E58FF8 /* Frameworks */,
				AA5C2FCE182E315C00E58FF8 /* Resources */,
			);
			buildRules = (
			);
			dependencies = (
				AA5C2FD6182E315C00E58FF8 /* PBXTargetDependency */,
			);
			name = SRNLTests;
			productName = SRNLTests;
			productReference = AA5C2FD0182E315C00E58FF8 /* SRNLTests.xctest */;
			productType = "com.apple.product-type.bundle.unit-test";
		};
/* End PBXNativeTarget section */

/* Begin PBXProject section */
		AA5C2FAD182E315C00E58FF8 /* Project object */ = {
			isa = PBXProject;
			attributes = {
				CLASSPREFIX = CLA;
				LastUpgradeCheck = 0500;
				ORGANIZATIONNAME = "Christian Lao";
				TargetAttributes = {
					AA5C2FCF182E315C00E58FF8 = {
						TestTargetID = AA5C2FB4182E315C00E58FF8;
					};
				};
			};
			buildConfigurationList = AA5C2FB0182E315C00E58FF8 /* Build configuration list for PBXProject "SRNL" */;
			compatibilityVersion = "Xcode 3.2";
			developmentRegion = English;
			hasScannedForEncodings = 0;
			knownRegions = (
				en,
			);
			mainGroup = AA5C2FAC182E315C00E58FF8;
			productRefGroup = AA5C2FB6182E315C00E58FF8 /* Products */;
			projectDirPath = "";
			projectRoot = "";
			targets = (
				AA5C2FB4182E315C00E58FF8 /* SRNL */,
				AA5C2FCF182E315C00E58FF8 /* SRNLTests */,
			);
		};
/* End PBXProject section */

/* Begin PBXResourcesBuildPhase section */
		AA5C2FB3182E315C00E58FF8 /* Resources */ = {
			isa = PBXResourcesBuildPhase;
			buildActionMask = 2147483647;
			files = (
				AADAAEED182F86CF00641ECD /* buttonsBack-single.png in Resources */,
				AADAAEB3182F85D400641ECD /* 12.jpg in Resources */,
				AADAAEFF182F871500641ECD /* sega@2x.png in Resources */,
				AADAAEAB182F85D400641ECD /* 8.jpg in Resources */,
				AADAAF0A182F875D00641ECD /* backbtm.png in Resources */,
				AADAAEAD182F85D400641ECD /* 9.jpg in Resources */,
				AA5C3081182E545700E58FF8 /* background-nologo@2x.png in Resources */,
				AADAAEEF182F86CF00641ECD /* buttonsBack-single@2x.png in Resources */,
				AADAAE83182F859000641ECD /* phone-ko@2x.png in Resources */,
				AADAAF14182F985C00641ECD /* arrowMap@2x.png in Resources */,
				AADAAED3182F866C00641ECD /* newMapIcon.png in Resources */,
				AADAAF03182F873200641ECD /* get-directions.png in Resources */,
				AADAAECF182F860700641ECD /* email@2x.png in Resources */,
				AADAAF05182F873200641ECD /* get-directions@2x.png in Resources */,
				AADAAF12182F985C00641ECD /* arrowMap.png in Resources */,
				AADAAEBD182F85D400641ECD /* 17.jpg in Resources */,
				AAC8FB72182EAC3D00A94C5B /* pub.png in Resources */,
				AAD47047182FB492008F785E /* listicon@2x.png in Resources */,
				AADAAEA9182F85D400641ECD /* 7.jpg in Resources */,
				AADAAEE3182F86B600641ECD /* blackArrow@2x.png in Resources */,
				AADAAF0C182F875D00641ECD /* backbtm@2x.png in Resources */,
				AADAAEDB182F86A600641ECD /* black_gradient@2x.png in Resources */,
				AADAAEE5182F86B600641ECD /* blueArrow.png in Resources */,
				AA5C307F182E545700E58FF8 /* background-nologo.png in Resources */,
				AA5C3089182E609E00E58FF8 /* test.jpg in Resources */,
				AAC8FB6D182E9C6900A94C5B /* DefaultMapZone in Resources */,
				AADAAECB182F860700641ECD /* email-ko@2x.png in Resources */,
				AAD47042182FB46B008F785E /* iconmap@2x.png in Resources */,
				AADAAEBB182F85D400641ECD /* 16.jpg in Resources */,
				AAD47041182FB46B008F785E /* iconmap.png in Resources */,
				AADAAEF9182F86EE00641ECD /* detaildisclosure@2x.png in Resources */,
				AADAAEB7182F85D400641ECD /* 14.jpg in Resources */,
				AADAAEB5182F85D400641ECD /* 13.jpg in Resources */,
				AADAAEA3182F85D400641ECD /* 4.jpg in Resources */,
				AADAAEF1182F86CF00641ECD /* buttonsBack.png in Resources */,
				AADAAEB9182F85D400641ECD /* 15.jpg in Resources */,
				AADAAEE7182F86B600641ECD /* blueArrow@2x.png in Resources */,
				AAD47045182FB492008F785E /* listicon.png in Resources */,
				AADAAEA1182F85D400641ECD /* 3.jpg in Resources */,
				AADAAE9F182F85D400641ECD /* 2.jpg in Resources */,
				AADAAEF7182F86EE00641ECD /* detaildisclosure.png in Resources */,
				AADAAE85182F859000641ECD /* phone.png in Resources */,
				AADAAEC3182F85D400641ECD /* 20.jpg in Resources */,
				AAC8FB64182E758900A94C5B /* tab_pin.png in Resources */,
				AADAAE81182F859000641ECD /* phone-ko.png in Resources */,
				AADAAEE1182F86B600641ECD /* blackArrow.png in Resources */,
				AADAAEB1182F85D400641ECD /* 11.jpg in Resources */,
				AADAAEFD182F871500641ECD /* sega.png in Resources */,
				AADAAE9D182F85D400641ECD /* 1.jpg in Resources */,
				AA5C307B182E499D00E58FF8 /* bigmenubck.png in Resources */,
				AADAAEA7182F85D400641ECD /* 6.jpg in Resources */,
				AADAAEA5182F85D400641ECD /* 5.jpg in Resources */,
				AA5C2FF9182E44C700E58FF8 /* MainStoryboard.storyboard in Resources */,
				AADAAED5182F866C00641ECD /* newMapIcon@2x.png in Resources */,
				AA5C2FC3182E315C00E58FF8 /* InfoPlist.strings in Resources */,
				AA5C2FCB182E315C00E58FF8 /* Images.xcassets in Resources */,
				AADAAEAF182F85D400641ECD /* 10.jpg in Resources */,
				AADAAEBF182F85D400641ECD /* 18.jpg in Resources */,
				AADAAEC1182F85D400641ECD /* 19.jpg in Resources */,
				AADAAE87182F859000641ECD /* phone@2x.png in Resources */,
				AADAAECD182F860700641ECD /* email.png in Resources */,
				AADAAEF3182F86CF00641ECD /* buttonsBack@2x.png in Resources */,
				AADAAED9182F86A600641ECD /* black_gradient.png in Resources */,
				AADAAEC9182F860700641ECD /* email-ko.png in Resources */,
			);
			runOnlyForDeploymentPostprocessing = 0;
		};
		AA5C2FCE182E315C00E58FF8 /* Resources */ = {
			isa = PBXResourcesBuildPhase;
			buildActionMask = 2147483647;
			files = (
				AA5C2FFA182E44C700E58FF8 /* MainStoryboard.storyboard in Resources */,
				AADAAE84182F859000641ECD /* phone-ko@2x.png in Resources */,
				AADAAEF2182F86CF00641ECD /* buttonsBack.png in Resources */,
				AADAAECA182F860700641ECD /* email-ko.png in Resources */,
				AADAAEC4182F85D400641ECD /* 20.jpg in Resources */,
				AADAAE86182F859000641ECD /* phone.png in Resources */,
				AADAAEC0182F85D400641ECD /* 18.jpg in Resources */,
				AADAAEA8182F85D400641ECD /* 6.jpg in Resources */,
				AADAAEE6182F86B600641ECD /* blueArrow.png in Resources */,
				AADAAEB0182F85D400641ECD /* 10.jpg in Resources */,
				AADAAED4182F866C00641ECD /* newMapIcon.png in Resources */,
				AADAAEB4182F85D400641ECD /* 12.jpg in Resources */,
				AADAAEA6182F85D400641ECD /* 5.jpg in Resources */,
				AADAAED6182F866C00641ECD /* newMapIcon@2x.png in Resources */,
				AADAAEBC182F85D400641ECD /* 16.jpg in Resources */,
				AADAAEBA182F85D400641ECD /* 15.jpg in Resources */,
				AA5C308A182E609E00E58FF8 /* test.jpg in Resources */,
				AADAAEDA182F86A600641ECD /* black_gradient.png in Resources */,
				AADAAF13182F985C00641ECD /* arrowMap.png in Resources */,
				AADAAEAC182F85D400641ECD /* 8.jpg in Resources */,
				AADAAEB8182F85D400641ECD /* 14.jpg in Resources */,
				AADAAED0182F860700641ECD /* email@2x.png in Resources */,
				AADAAE82182F859000641ECD /* phone-ko.png in Resources */,
				AADAAEAA182F85D400641ECD /* 7.jpg in Resources */,
				AADAAEF8182F86EE00641ECD /* detaildisclosure.png in Resources */,
				AA5C2FDC182E315C00E58FF8 /* InfoPlist.strings in Resources */,
				AADAAEBE182F85D400641ECD /* 17.jpg in Resources */,
				AADAAF06182F873200641ECD /* get-directions@2x.png in Resources */,
				AADAAF00182F871500641ECD /* sega@2x.png in Resources */,
				AA5C307C182E499D00E58FF8 /* bigmenubck.png in Resources */,
				AADAAEB6182F85D400641ECD /* 13.jpg in Resources */,
				AADAAEE2182F86B600641ECD /* blackArrow.png in Resources */,
				AADAAEE4182F86B600641ECD /* blackArrow@2x.png in Resources */,
				AADAAF15182F985C00641ECD /* arrowMap@2x.png in Resources */,
				AAD47048182FB492008F785E /* listicon@2x.png in Resources */,
				AADAAEAE182F85D400641ECD /* 9.jpg in Resources */,
				AADAAEA4182F85D400641ECD /* 4.jpg in Resources */,
				AAD47046182FB492008F785E /* listicon.png in Resources */,
				AADAAEA2182F85D400641ECD /* 3.jpg in Resources */,
				AADAAEB2182F85D400641ECD /* 11.jpg in Resources */,
				AADAAF0D182F875D00641ECD /* backbtm@2x.png in Resources */,
				AADAAE88182F859000641ECD /* phone@2x.png in Resources */,
				AA5C3082182E545700E58FF8 /* background-nologo@2x.png in Resources */,
				AAC8FB6E182E9C6900A94C5B /* DefaultMapZone in Resources */,
				AADAAEDC182F86A600641ECD /* black_gradient@2x.png in Resources */,
				AADAAEF4182F86CF00641ECD /* buttonsBack@2x.png in Resources */,
				AAC8FB73182EAC3D00A94C5B /* pub.png in Resources */,
				AA5C3080182E545700E58FF8 /* background-nologo.png in Resources */,
				AADAAEFA182F86EE00641ECD /* detaildisclosure@2x.png in Resources */,
				AADAAEA0182F85D400641ECD /* 2.jpg in Resources */,
				AADAAEFE182F871500641ECD /* sega.png in Resources */,
				AAC8FB65182E758900A94C5B /* tab_pin.png in Resources */,
				AADAAECE182F860700641ECD /* email.png in Resources */,
				AADAAE9E182F85D400641ECD /* 1.jpg in Resources */,
				AADAAF04182F873200641ECD /* get-directions.png in Resources */,
				AADAAF0B182F875D00641ECD /* backbtm.png in Resources */,
				AADAAEF0182F86CF00641ECD /* buttonsBack-single@2x.png in Resources */,
				AADAAEEE182F86CF00641ECD /* buttonsBack-single.png in Resources */,
				AADAAEE8182F86B600641ECD /* blueArrow@2x.png in Resources */,
				AADAAEC2182F85D400641ECD /* 19.jpg in Resources */,
				AADAAECC182F860700641ECD /* email-ko@2x.png in Resources */,
			);
			runOnlyForDeploymentPostprocessing = 0;
		};
/* End PBXResourcesBuildPhase section */

/* Begin PBXSourcesBuildPhase section */
		AA5C2FB1182E315C00E58FF8 /* Sources */ = {
			isa = PBXSourcesBuildPhase;
			buildActionMask = 2147483647;
			files = (
				AA5C2FEE182E33FB00E58FF8 /* CLAPlaceStore.m in Sources */,
				AADAAE7B182F7D4900641ECD /* CLADetailViewController.m in Sources */,
				AAC8FB68182E762000A94C5B /* CLAMapViewController.m in Sources */,
				AA5C2FC5182E315C00E58FF8 /* main.m in Sources */,
				AADAAE71182EC1D600641ECD /* Model.xcdatamodeld in Sources */,
				AA5C2FC9182E315C00E58FF8 /* CLAAppDelegate.m in Sources */,
				AA5C3085182E57AE00E58FF8 /* CLAMainTableViewCell.m in Sources */,
				AADAAE75182EC3CB00641ECD /* CLAPlace.m in Sources */,
				AA5C2FF5182E396300E58FF8 /* CLAPlacesTableViewController.m in Sources */,
			);
			runOnlyForDeploymentPostprocessing = 0;
		};
		AA5C2FCC182E315C00E58FF8 /* Sources */ = {
			isa = PBXSourcesBuildPhase;
			buildActionMask = 2147483647;
			files = (
				AA5C2FF6182E396300E58FF8 /* CLAPlacesTableViewController.m in Sources */,
				AA5C3086182E57AE00E58FF8 /* CLAMainTableViewCell.m in Sources */,
				AAC8FB69182E762000A94C5B /* CLAMapViewController.m in Sources */,
				AADAAE72182EC1D600641ECD /* Model.xcdatamodeld in Sources */,
				AA5C2FEF182E33FB00E58FF8 /* CLAPlaceStore.m in Sources */,
				AA5C2FDE182E315C00E58FF8 /* SRNLTests.m in Sources */,
				AADAAE7C182F7D4900641ECD /* CLADetailViewController.m in Sources */,
				AADAAE76182EC3CB00641ECD /* CLAPlace.m in Sources */,
			);
			runOnlyForDeploymentPostprocessing = 0;
		};
/* End PBXSourcesBuildPhase section */

/* Begin PBXTargetDependency section */
		AA5C2FD6182E315C00E58FF8 /* PBXTargetDependency */ = {
			isa = PBXTargetDependency;
			target = AA5C2FB4182E315C00E58FF8 /* SRNL */;
			targetProxy = AA5C2FD5182E315C00E58FF8 /* PBXContainerItemProxy */;
		};
/* End PBXTargetDependency section */

/* Begin PBXVariantGroup section */
		AA5C2FC1182E315C00E58FF8 /* InfoPlist.strings */ = {
			isa = PBXVariantGroup;
			children = (
				AA5C2FC2182E315C00E58FF8 /* en */,
			);
			name = InfoPlist.strings;
			sourceTree = "<group>";
		};
		AA5C2FDA182E315C00E58FF8 /* InfoPlist.strings */ = {
			isa = PBXVariantGroup;
			children = (
				AA5C2FDB182E315C00E58FF8 /* en */,
			);
			name = InfoPlist.strings;
			sourceTree = "<group>";
		};
/* End PBXVariantGroup section */

/* Begin XCBuildConfiguration section */
		AA5C2FDF182E315C00E58FF8 /* Debug */ = {
			isa = XCBuildConfiguration;
			buildSettings = {
				ALWAYS_SEARCH_USER_PATHS = NO;
				ARCHS = "$(ARCHS_STANDARD_INCLUDING_64_BIT)";
				CLANG_CXX_LANGUAGE_STANDARD = "gnu++0x";
				CLANG_CXX_LIBRARY = "libc++";
				CLANG_ENABLE_MODULES = YES;
				CLANG_ENABLE_OBJC_ARC = YES;
				CLANG_WARN_BOOL_CONVERSION = YES;
				CLANG_WARN_CONSTANT_CONVERSION = YES;
				CLANG_WARN_DIRECT_OBJC_ISA_USAGE = YES_ERROR;
				CLANG_WARN_EMPTY_BODY = YES;
				CLANG_WARN_ENUM_CONVERSION = YES;
				CLANG_WARN_INT_CONVERSION = YES;
				CLANG_WARN_OBJC_ROOT_CLASS = YES_ERROR;
				CLANG_WARN__DUPLICATE_METHOD_MATCH = YES;
				"CODE_SIGN_IDENTITY[sdk=iphoneos*]" = "iPhone Developer";
				COPY_PHASE_STRIP = NO;
				GCC_C_LANGUAGE_STANDARD = gnu99;
				GCC_DYNAMIC_NO_PIC = NO;
				GCC_OPTIMIZATION_LEVEL = 0;
				GCC_PREPROCESSOR_DEFINITIONS = (
					"DEBUG=1",
					"$(inherited)",
				);
				GCC_SYMBOLS_PRIVATE_EXTERN = NO;
				GCC_WARN_64_TO_32_BIT_CONVERSION = YES;
				GCC_WARN_ABOUT_RETURN_TYPE = YES_ERROR;
				GCC_WARN_UNDECLARED_SELECTOR = YES;
				GCC_WARN_UNINITIALIZED_AUTOS = YES;
				GCC_WARN_UNUSED_FUNCTION = YES;
				GCC_WARN_UNUSED_VARIABLE = YES;
				IPHONEOS_DEPLOYMENT_TARGET = 7.0;
				ONLY_ACTIVE_ARCH = YES;
				SDKROOT = iphoneos;
			};
			name = Debug;
		};
		AA5C2FE0182E315C00E58FF8 /* Release */ = {
			isa = XCBuildConfiguration;
			buildSettings = {
				ALWAYS_SEARCH_USER_PATHS = NO;
				ARCHS = "$(ARCHS_STANDARD_INCLUDING_64_BIT)";
				CLANG_CXX_LANGUAGE_STANDARD = "gnu++0x";
				CLANG_CXX_LIBRARY = "libc++";
				CLANG_ENABLE_MODULES = YES;
				CLANG_ENABLE_OBJC_ARC = YES;
				CLANG_WARN_BOOL_CONVERSION = YES;
				CLANG_WARN_CONSTANT_CONVERSION = YES;
				CLANG_WARN_DIRECT_OBJC_ISA_USAGE = YES_ERROR;
				CLANG_WARN_EMPTY_BODY = YES;
				CLANG_WARN_ENUM_CONVERSION = YES;
				CLANG_WARN_INT_CONVERSION = YES;
				CLANG_WARN_OBJC_ROOT_CLASS = YES_ERROR;
				CLANG_WARN__DUPLICATE_METHOD_MATCH = YES;
				"CODE_SIGN_IDENTITY[sdk=iphoneos*]" = "iPhone Developer";
				COPY_PHASE_STRIP = YES;
				ENABLE_NS_ASSERTIONS = NO;
				GCC_C_LANGUAGE_STANDARD = gnu99;
				GCC_WARN_64_TO_32_BIT_CONVERSION = YES;
				GCC_WARN_ABOUT_RETURN_TYPE = YES_ERROR;
				GCC_WARN_UNDECLARED_SELECTOR = YES;
				GCC_WARN_UNINITIALIZED_AUTOS = YES;
				GCC_WARN_UNUSED_FUNCTION = YES;
				GCC_WARN_UNUSED_VARIABLE = YES;
				IPHONEOS_DEPLOYMENT_TARGET = 7.0;
				SDKROOT = iphoneos;
				VALIDATE_PRODUCT = YES;
			};
			name = Release;
		};
		AA5C2FE2182E315C00E58FF8 /* Debug */ = {
			isa = XCBuildConfiguration;
			buildSettings = {
				ASSETCATALOG_COMPILER_APPICON_NAME = AppIcon;
				ASSETCATALOG_COMPILER_LAUNCHIMAGE_NAME = LaunchImage;
				GCC_PRECOMPILE_PREFIX_HEADER = YES;
				GCC_PREFIX_HEADER = "SRNL/SRNL-Prefix.pch";
				INFOPLIST_FILE = "SRNL/SRNL-Info.plist";
				IPHONEOS_DEPLOYMENT_TARGET = 6.1;
				PRODUCT_NAME = "$(TARGET_NAME)";
				SDKROOT = iphoneos6.1;
				WRAPPER_EXTENSION = app;
			};
			name = Debug;
		};
		AA5C2FE3182E315C00E58FF8 /* Release */ = {
			isa = XCBuildConfiguration;
			buildSettings = {
				ASSETCATALOG_COMPILER_APPICON_NAME = AppIcon;
				ASSETCATALOG_COMPILER_LAUNCHIMAGE_NAME = LaunchImage;
				GCC_PRECOMPILE_PREFIX_HEADER = YES;
				GCC_PREFIX_HEADER = "SRNL/SRNL-Prefix.pch";
				INFOPLIST_FILE = "SRNL/SRNL-Info.plist";
				IPHONEOS_DEPLOYMENT_TARGET = 6.1;
				PRODUCT_NAME = "$(TARGET_NAME)";
				SDKROOT = iphoneos6.1;
				WRAPPER_EXTENSION = app;
			};
			name = Release;
		};
		AA5C2FE5182E315C00E58FF8 /* Debug */ = {
			isa = XCBuildConfiguration;
			buildSettings = {
				ARCHS = "$(ARCHS_STANDARD_INCLUDING_64_BIT)";
				BUNDLE_LOADER = "$(BUILT_PRODUCTS_DIR)/SRNL.app/SRNL";
				FRAMEWORK_SEARCH_PATHS = (
					"$(SDKROOT)/Developer/Library/Frameworks",
					"$(inherited)",
					"$(DEVELOPER_FRAMEWORKS_DIR)",
				);
				GCC_PRECOMPILE_PREFIX_HEADER = YES;
				GCC_PREFIX_HEADER = "SRNL/SRNL-Prefix.pch";
				GCC_PREPROCESSOR_DEFINITIONS = (
					"DEBUG=1",
					"$(inherited)",
				);
				INFOPLIST_FILE = "SRNLTests/SRNLTests-Info.plist";
				PRODUCT_NAME = "$(TARGET_NAME)";
				TEST_HOST = "$(BUNDLE_LOADER)";
				WRAPPER_EXTENSION = xctest;
			};
			name = Debug;
		};
		AA5C2FE6182E315C00E58FF8 /* Release */ = {
			isa = XCBuildConfiguration;
			buildSettings = {
				ARCHS = "$(ARCHS_STANDARD_INCLUDING_64_BIT)";
				BUNDLE_LOADER = "$(BUILT_PRODUCTS_DIR)/SRNL.app/SRNL";
				FRAMEWORK_SEARCH_PATHS = (
					"$(SDKROOT)/Developer/Library/Frameworks",
					"$(inherited)",
					"$(DEVELOPER_FRAMEWORKS_DIR)",
				);
				GCC_PRECOMPILE_PREFIX_HEADER = YES;
				GCC_PREFIX_HEADER = "SRNL/SRNL-Prefix.pch";
				INFOPLIST_FILE = "SRNLTests/SRNLTests-Info.plist";
				PRODUCT_NAME = "$(TARGET_NAME)";
				TEST_HOST = "$(BUNDLE_LOADER)";
				WRAPPER_EXTENSION = xctest;
			};
			name = Release;
		};
/* End XCBuildConfiguration section */

/* Begin XCConfigurationList section */
		AA5C2FB0182E315C00E58FF8 /* Build configuration list for PBXProject "SRNL" */ = {
			isa = XCConfigurationList;
			buildConfigurations = (
				AA5C2FDF182E315C00E58FF8 /* Debug */,
				AA5C2FE0182E315C00E58FF8 /* Release */,
			);
			defaultConfigurationIsVisible = 0;
			defaultConfigurationName = Release;
		};
		AA5C2FE1182E315C00E58FF8 /* Build configuration list for PBXNativeTarget "SRNL" */ = {
			isa = XCConfigurationList;
			buildConfigurations = (
				AA5C2FE2182E315C00E58FF8 /* Debug */,
				AA5C2FE3182E315C00E58FF8 /* Release */,
			);
			defaultConfigurationIsVisible = 0;
			defaultConfigurationName = Release;
		};
		AA5C2FE4182E315C00E58FF8 /* Build configuration list for PBXNativeTarget "SRNLTests" */ = {
			isa = XCConfigurationList;
			buildConfigurations = (
				AA5C2FE5182E315C00E58FF8 /* Debug */,
				AA5C2FE6182E315C00E58FF8 /* Release */,
			);
			defaultConfigurationIsVisible = 0;
			defaultConfigurationName = Release;
		};
/* End XCConfigurationList section */

/* Begin XCVersionGroup section */
		AADAAE6F182EC1D600641ECD /* Model.xcdatamodeld */ = {
			isa = XCVersionGroup;
			children = (
				AADAAE70182EC1D600641ECD /* Model.xcdatamodel */,
			);
			currentVersion = AADAAE70182EC1D600641ECD /* Model.xcdatamodel */;
			path = Model.xcdatamodeld;
			sourceTree = "<group>";
			versionGroupType = wrapper.xcdatamodel;
		};
/* End XCVersionGroup section */
	};
	rootObject = AA5C2FAD182E315C00E58FF8 /* Project object */;
}
